
Microsoft Visual Studio Solution File, Format Version 12.00
# Visual Studio Version 16
VisualStudioVersion = 16.0.31205.134
MinimumVisualStudioVersion = 10.0.40219.1
Project("{FAE04EC0-301F-11D3-BF4B-00C04F79EFBC}") = "Assingment2", "Assingment2.csproj", "{ECB27951-D90E-46C6-B21C-94B9B68394C6}"
EndProject
Global
	GlobalSection(SolutionConfigurationPlatforms) = preSolution
		Debug|Any CPU = Debug|Any CPU
		Release|Any CPU = Release|Any CPU
	EndGlobalSection
	GlobalSection(ProjectConfigurationPlatforms) = postSolution
		{ECB27951-D90E-46C6-B21C-94B9B68394C6}.Debug|Any CPU.ActiveCfg = Debug|Any CPU
		{ECB27951-D90E-46C6-B21C-94B9B68394C6}.Debug|Any CPU.Build.0 = Debug|Any CPU
		{ECB27951-D90E-46C6-B21C-94B9B68394C6}.Release|Any CPU.ActiveCfg = Release|Any CPU
		{ECB27951-D90E-46C6-B21C-94B9B68394C6}.Release|Any CPU.Build.0 = Release|Any CPU
	EndGlobalSection
	GlobalSection(SolutionProperties) = preSolution
		HideSolutionNode = FALSE
	EndGlobalSection
	GlobalSection(ExtensibilityGlobals) = postSolution
		SolutionGuid = {FD2B9CD6-D01E-4261-8DFA-7561706FA7D4}
	EndGlobalSection
EndGlobal
