
Microsoft Visual Studio Solution File, Format Version 12.00
# Visual Studio Version 16
VisualStudioVersion = 16.0.31229.75
MinimumVisualStudioVersion = 10.0.40219.1
Project("{FAE04EC0-301F-11D3-BF4B-00C04F79EFBC}") = "SerializationDemo", "SerializationDemo\SerializationDemo.csproj", "{741B50E3-4915-44F0-9F97-062486EEEC0D}"
EndProject
Global
	GlobalSection(SolutionConfigurationPlatforms) = preSolution
		Debug|Any CPU = Debug|Any CPU
		Release|Any CPU = Release|Any CPU
	EndGlobalSection
	GlobalSection(ProjectConfigurationPlatforms) = postSolution
		{741B50E3-4915-44F0-9F97-062486EEEC0D}.Debug|Any CPU.ActiveCfg = Debug|Any CPU
		{741B50E3-4915-44F0-9F97-062486EEEC0D}.Debug|Any CPU.Build.0 = Debug|Any CPU
		{741B50E3-4915-44F0-9F97-062486EEEC0D}.Release|Any CPU.ActiveCfg = Release|Any CPU
		{741B50E3-4915-44F0-9F97-062486EEEC0D}.Release|Any CPU.Build.0 = Release|Any CPU
	EndGlobalSection
	GlobalSection(SolutionProperties) = preSolution
		HideSolutionNode = FALSE
	EndGlobalSection
	GlobalSection(ExtensibilityGlobals) = postSolution
		SolutionGuid = {AF09CF5A-633C-4931-93A9-BFD8DDBA8A21}
	EndGlobalSection
EndGlobal
