
Microsoft Visual Studio Solution File, Format Version 12.00
# Visual Studio Version 16
VisualStudioVersion = 16.0.31205.134
MinimumVisualStudioVersion = 10.0.40219.1
Project("{FAE04EC0-301F-11D3-BF4B-00C04F79EFBC}") = "Assingment1", "Assingment1.csproj", "{2A3927DA-8645-442A-8CBD-DE63107803AF}"
EndProject
Project("{FAE04EC0-301F-11D3-BF4B-00C04F79EFBC}") = "ClassLibrary", "..\..\OOPS_Assingments\Assingment1\ClassLibrary\ClassLibrary.csproj", "{B378F20A-A976-433F-9E1E-8654006C2ED8}"
EndProject
Global
	GlobalSection(SolutionConfigurationPlatforms) = preSolution
		Debug|Any CPU = Debug|Any CPU
		Release|Any CPU = Release|Any CPU
	EndGlobalSection
	GlobalSection(ProjectConfigurationPlatforms) = postSolution
		{2A3927DA-8645-442A-8CBD-DE63107803AF}.Debug|Any CPU.ActiveCfg = Debug|Any CPU
		{2A3927DA-8645-442A-8CBD-DE63107803AF}.Debug|Any CPU.Build.0 = Debug|Any CPU
		{2A3927DA-8645-442A-8CBD-DE63107803AF}.Release|Any CPU.ActiveCfg = Release|Any CPU
		{2A3927DA-8645-442A-8CBD-DE63107803AF}.Release|Any CPU.Build.0 = Release|Any CPU
		{B378F20A-A976-433F-9E1E-8654006C2ED8}.Debug|Any CPU.ActiveCfg = Debug|Any CPU
		{B378F20A-A976-433F-9E1E-8654006C2ED8}.Debug|Any CPU.Build.0 = Debug|Any CPU
		{B378F20A-A976-433F-9E1E-8654006C2ED8}.Release|Any CPU.ActiveCfg = Release|Any CPU
		{B378F20A-A976-433F-9E1E-8654006C2ED8}.Release|Any CPU.Build.0 = Release|Any CPU
	EndGlobalSection
	GlobalSection(SolutionProperties) = preSolution
		HideSolutionNode = FALSE
	EndGlobalSection
	GlobalSection(ExtensibilityGlobals) = postSolution
		SolutionGuid = {BCFD71E1-8850-44D3-9D2A-B7C9EE71989D}
	EndGlobalSection
EndGlobal
