
Microsoft Visual Studio Solution File, Format Version 12.00
# Visual Studio Version 16
VisualStudioVersion = 16.0.31205.134
MinimumVisualStudioVersion = 10.0.40219.1
Project("{FAE04EC0-301F-11D3-BF4B-00C04F79EFBC}") = "Assingment2", "Assingment2.csproj", "{FA287F72-A909-460F-BB51-62A2862693EC}"
EndProject
Global
	GlobalSection(SolutionConfigurationPlatforms) = preSolution
		Debug|Any CPU = Debug|Any CPU
		Release|Any CPU = Release|Any CPU
	EndGlobalSection
	GlobalSection(ProjectConfigurationPlatforms) = postSolution
		{FA287F72-A909-460F-BB51-62A2862693EC}.Debug|Any CPU.ActiveCfg = Debug|Any CPU
		{FA287F72-A909-460F-BB51-62A2862693EC}.Debug|Any CPU.Build.0 = Debug|Any CPU
		{FA287F72-A909-460F-BB51-62A2862693EC}.Release|Any CPU.ActiveCfg = Release|Any CPU
		{FA287F72-A909-460F-BB51-62A2862693EC}.Release|Any CPU.Build.0 = Release|Any CPU
	EndGlobalSection
	GlobalSection(SolutionProperties) = preSolution
		HideSolutionNode = FALSE
	EndGlobalSection
	GlobalSection(ExtensibilityGlobals) = postSolution
		SolutionGuid = {FB3E8E13-FB39-461D-A834-D5A316F1DB59}
	EndGlobalSection
EndGlobal
